<?xml version="1.0" encoding="utf-8"?>
<Project ToolsVersion="4.0" xmlns="http://schemas.microsoft.com/developer/msbuild/2003">
  <ItemGroup>
    <ClCompile Include="ItemUpgrade_test.cpp" />
    <ClCompile Include="data\ItemUpgrade_test_data.h">
      <Filter>data</Filter>
    </ClCompile>
  </ItemGroup>
  <ItemGroup>
    <Filter Include="helpers">
      <UniqueIdentifier>{ba716e22-32c7-4148-9ed5-985880efcb26}</UniqueIdentifier>
    </Filter>
    <Filter Include="data">
      <UniqueIdentifier>{588098c3-c3d2-4fbf-a89c-50040a26464d}</UniqueIdentifier>
    </Filter>
  </ItemGroup>
  <ItemGroup>
    <ClInclude Include="TestUser.h">
      <Filter>helpers</Filter>
    </ClInclude>
    <ClInclude Include="TestApp.h">
      <Filter>helpers</Filter>
    </ClInclude>
    <ClInclude Include="data\Item_test_data.h">
      <Filter>data</Filter>
    </ClInclude>
    <ClInclude Include="TestMap.h">
      <Filter>helpers</Filter>
    </ClInclude>
    <ClInclude Include="packet_structs.h">
      <Filter>helpers</Filter>
    </ClInclude>
  </ItemGroup>
</Project>
